
Microsoft Visual Studio Solution File, Format Version 12.00
# Visual Studio Version 16
VisualStudioVersion = 16.0.31005.135
MinimumVisualStudioVersion = 10.0.40219.1
Project("{9A19103F-16F7-4668-BE54-9A1E7A4F7556}") = "DazPackage", "DazMetadata\DazPackage.csproj", "{0BC93E0C-EDF2-4F33-9CEF-4FD32B991BB1}"
EndProject
Project("{9A19103F-16F7-4668-BE54-9A1E7A4F7556}") = "Helpers", "Helper\Helpers.csproj", "{B39B9EEB-FAB4-4FA9-A08B-28A74494FDD2}"
EndProject
Project("{9A19103F-16F7-4668-BE54-9A1E7A4F7556}") = "Daz Package Manager", "Daz Package Manager\Daz Package Manager.csproj", "{F5EEC8B0-7D3C-410F-8A31-D68969B60DC1}"
EndProject
Project("{9A19103F-16F7-4668-BE54-9A1E7A4F7556}") = "OsHelper", "OsHelper\OsHelper.csproj", "{0818132E-6175-4ACC-89BA-8A98584DF89A}"
EndProject
Project("{9A19103F-16F7-4668-BE54-9A1E7A4F7556}") = "SD.Tools.Algorithmia", "Algorithmia\SD.Tools.Algorithmia\SD.Tools.Algorithmia.csproj", "{00A079D4-4FED-4501-8EA9-37E702DA8498}"
EndProject
Global
	GlobalSection(SolutionConfigurationPlatforms) = preSolution
		Debug|Any CPU = Debug|Any CPU
		Debug|x64 = Debug|x64
		Release|Any CPU = Release|Any CPU
		Release|x64 = Release|x64
		Shipping|Any CPU = Shipping|Any CPU
		Shipping|x64 = Shipping|x64
	EndGlobalSection
	GlobalSection(ProjectConfigurationPlatforms) = postSolution
		{0BC93E0C-EDF2-4F33-9CEF-4FD32B991BB1}.Debug|Any CPU.ActiveCfg = Debug|Any CPU
		{0BC93E0C-EDF2-4F33-9CEF-4FD32B991BB1}.Debug|Any CPU.Build.0 = Debug|Any CPU
		{0BC93E0C-EDF2-4F33-9CEF-4FD32B991BB1}.Debug|x64.ActiveCfg = Debug|x64
		{0BC93E0C-EDF2-4F33-9CEF-4FD32B991BB1}.Debug|x64.Build.0 = Debug|x64
		{0BC93E0C-EDF2-4F33-9CEF-4FD32B991BB1}.Release|Any CPU.ActiveCfg = Release|Any CPU
		{0BC93E0C-EDF2-4F33-9CEF-4FD32B991BB1}.Release|Any CPU.Build.0 = Release|Any CPU
		{0BC93E0C-EDF2-4F33-9CEF-4FD32B991BB1}.Release|x64.ActiveCfg = Release|x64
		{0BC93E0C-EDF2-4F33-9CEF-4FD32B991BB1}.Release|x64.Build.0 = Release|x64
		{0BC93E0C-EDF2-4F33-9CEF-4FD32B991BB1}.Shipping|Any CPU.ActiveCfg = Shipping|Any CPU
		{0BC93E0C-EDF2-4F33-9CEF-4FD32B991BB1}.Shipping|Any CPU.Build.0 = Shipping|Any CPU
		{0BC93E0C-EDF2-4F33-9CEF-4FD32B991BB1}.Shipping|x64.ActiveCfg = Shipping|x64
		{0BC93E0C-EDF2-4F33-9CEF-4FD32B991BB1}.Shipping|x64.Build.0 = Shipping|x64
		{B39B9EEB-FAB4-4FA9-A08B-28A74494FDD2}.Debug|Any CPU.ActiveCfg = Debug|Any CPU
		{B39B9EEB-FAB4-4FA9-A08B-28A74494FDD2}.Debug|Any CPU.Build.0 = Debug|Any CPU
		{B39B9EEB-FAB4-4FA9-A08B-28A74494FDD2}.Debug|x64.ActiveCfg = Debug|x64
		{B39B9EEB-FAB4-4FA9-A08B-28A74494FDD2}.Debug|x64.Build.0 = Debug|x64
		{B39B9EEB-FAB4-4FA9-A08B-28A74494FDD2}.Release|Any CPU.ActiveCfg = Release|Any CPU
		{B39B9EEB-FAB4-4FA9-A08B-28A74494FDD2}.Release|Any CPU.Build.0 = Release|Any CPU
		{B39B9EEB-FAB4-4FA9-A08B-28A74494FDD2}.Release|x64.ActiveCfg = Release|x64
		{B39B9EEB-FAB4-4FA9-A08B-28A74494FDD2}.Release|x64.Build.0 = Release|x64
		{B39B9EEB-FAB4-4FA9-A08B-28A74494FDD2}.Shipping|Any CPU.ActiveCfg = Shipping|Any CPU
		{B39B9EEB-FAB4-4FA9-A08B-28A74494FDD2}.Shipping|Any CPU.Build.0 = Shipping|Any CPU
		{B39B9EEB-FAB4-4FA9-A08B-28A74494FDD2}.Shipping|x64.ActiveCfg = Shipping|x64
		{B39B9EEB-FAB4-4FA9-A08B-28A74494FDD2}.Shipping|x64.Build.0 = Shipping|x64
		{F5EEC8B0-7D3C-410F-8A31-D68969B60DC1}.Debug|Any CPU.ActiveCfg = Debug|Any CPU
		{F5EEC8B0-7D3C-410F-8A31-D68969B60DC1}.Debug|Any CPU.Build.0 = Debug|Any CPU
		{F5EEC8B0-7D3C-410F-8A31-D68969B60DC1}.Debug|x64.ActiveCfg = Debug|x64
		{F5EEC8B0-7D3C-410F-8A31-D68969B60DC1}.Debug|x64.Build.0 = Debug|x64
		{F5EEC8B0-7D3C-410F-8A31-D68969B60DC1}.Release|Any CPU.ActiveCfg = Release|Any CPU
		{F5EEC8B0-7D3C-410F-8A31-D68969B60DC1}.Release|Any CPU.Build.0 = Release|Any CPU
		{F5EEC8B0-7D3C-410F-8A31-D68969B60DC1}.Release|x64.ActiveCfg = Release|x64
		{F5EEC8B0-7D3C-410F-8A31-D68969B60DC1}.Release|x64.Build.0 = Release|x64
		{F5EEC8B0-7D3C-410F-8A31-D68969B60DC1}.Shipping|Any CPU.ActiveCfg = Shipping|Any CPU
		{F5EEC8B0-7D3C-410F-8A31-D68969B60DC1}.Shipping|Any CPU.Build.0 = Shipping|Any CPU
		{F5EEC8B0-7D3C-410F-8A31-D68969B60DC1}.Shipping|x64.ActiveCfg = Shipping|x64
		{F5EEC8B0-7D3C-410F-8A31-D68969B60DC1}.Shipping|x64.Build.0 = Shipping|x64
		{0818132E-6175-4ACC-89BA-8A98584DF89A}.Debug|Any CPU.ActiveCfg = Debug|Any CPU
		{0818132E-6175-4ACC-89BA-8A98584DF89A}.Debug|Any CPU.Build.0 = Debug|Any CPU
		{0818132E-6175-4ACC-89BA-8A98584DF89A}.Debug|x64.ActiveCfg = Debug|x64
		{0818132E-6175-4ACC-89BA-8A98584DF89A}.Debug|x64.Build.0 = Debug|x64
		{0818132E-6175-4ACC-89BA-8A98584DF89A}.Release|Any CPU.ActiveCfg = Release|Any CPU
		{0818132E-6175-4ACC-89BA-8A98584DF89A}.Release|Any CPU.Build.0 = Release|Any CPU
		{0818132E-6175-4ACC-89BA-8A98584DF89A}.Release|x64.ActiveCfg = Release|x64
		{0818132E-6175-4ACC-89BA-8A98584DF89A}.Release|x64.Build.0 = Release|x64
		{0818132E-6175-4ACC-89BA-8A98584DF89A}.Shipping|Any CPU.ActiveCfg = Shipping|Any CPU
		{0818132E-6175-4ACC-89BA-8A98584DF89A}.Shipping|Any CPU.Build.0 = Shipping|Any CPU
		{0818132E-6175-4ACC-89BA-8A98584DF89A}.Shipping|x64.ActiveCfg = Shipping|x64
		{0818132E-6175-4ACC-89BA-8A98584DF89A}.Shipping|x64.Build.0 = Shipping|x64
		{00A079D4-4FED-4501-8EA9-37E702DA8498}.Debug|Any CPU.ActiveCfg = Debug|Any CPU
		{00A079D4-4FED-4501-8EA9-37E702DA8498}.Debug|Any CPU.Build.0 = Debug|Any CPU
		{00A079D4-4FED-4501-8EA9-37E702DA8498}.Debug|x64.ActiveCfg = Debug|x64
		{00A079D4-4FED-4501-8EA9-37E702DA8498}.Debug|x64.Build.0 = Debug|x64
		{00A079D4-4FED-4501-8EA9-37E702DA8498}.Release|Any CPU.ActiveCfg = Release|Any CPU
		{00A079D4-4FED-4501-8EA9-37E702DA8498}.Release|Any CPU.Build.0 = Release|Any CPU
		{00A079D4-4FED-4501-8EA9-37E702DA8498}.Release|x64.ActiveCfg = Release|x64
		{00A079D4-4FED-4501-8EA9-37E702DA8498}.Release|x64.Build.0 = Release|x64
		{00A079D4-4FED-4501-8EA9-37E702DA8498}.Shipping|Any CPU.ActiveCfg = Debug|Any CPU
		{00A079D4-4FED-4501-8EA9-37E702DA8498}.Shipping|Any CPU.Build.0 = Debug|Any CPU
		{00A079D4-4FED-4501-8EA9-37E702DA8498}.Shipping|x64.ActiveCfg = Debug|x64
		{00A079D4-4FED-4501-8EA9-37E702DA8498}.Shipping|x64.Build.0 = Debug|x64
	EndGlobalSection
	GlobalSection(SolutionProperties) = preSolution
		HideSolutionNode = FALSE
	EndGlobalSection
	GlobalSection(ExtensibilityGlobals) = postSolution
		SolutionGuid = {0A0C0A4B-8200-4E2C-97EE-673C2A9EE273}
	EndGlobalSection
EndGlobal
